
Microsoft Visual Studio Solution File, Format Version 12.00
# Visual Studio Version 17
VisualStudioVersion = 17.1.32228.430
MinimumVisualStudioVersion = 10.0.40219.1
Project("{2150E333-8FDC-42A3-9474-1A3956D46DE8}") = "Solution Items", "Solution Items", "{452F17B1-8BAB-4C6E-AF62-63271AE7FA67}"
	ProjectSection(SolutionItems) = preProject
		.editorconfig = .editorconfig
		.gitattributes = .gitattributes
		.gitignore = .gitignore
		.gitmodules = .gitmodules
		build.bat = build.bat
		build.sh = build.sh
		global.json = global.json
		README.md = README.md
		secrets.7z = secrets.7z
	EndProjectSection
EndProject
Project("{2150E333-8FDC-42A3-9474-1A3956D46DE8}") = "spec", "spec", "{12B1C49D-7345-428B-9354-AF6A38CFECF0}"
	ProjectSection(SolutionItems) = preProject
		spec\openapi.yaml = spec\openapi.yaml
	EndProjectSection
EndProject
Project("{2150E333-8FDC-42A3-9474-1A3956D46DE8}") = "schemas", "schemas", "{DDB69D7B-8CB9-45FF-9D64-0086737541B6}"
	ProjectSection(SolutionItems) = preProject
		spec\schemas\ClientMessage.fbs = spec\schemas\ClientMessage.fbs
		spec\schemas\ServerMessage.fbs = spec\schemas\ServerMessage.fbs
		spec\schemas\Session.fbs = spec\schemas\Session.fbs
		spec\schemas\SystemMessage.fbs = spec\schemas\SystemMessage.fbs
	EndProjectSection
EndProject
Project("{9A19103F-16F7-4668-BE54-9A1E7A4F7556}") = "Common", "Common\Common.csproj", "{D4DA567B-FD80-4F03-8E80-7AC5B629CC74}"
EndProject
Project("{9A19103F-16F7-4668-BE54-9A1E7A4F7556}") = "Constants", "Constants\Constants.csproj", "{93F59FB0-5FD6-47CD-8061-C9342A2EDAF4}"
EndProject
Project("{9A19103F-16F7-4668-BE54-9A1E7A4F7556}") = "Database", "Database\Database.csproj", "{EE0CF5CB-5812-49E0-AFCE-23680165DB7D}"
EndProject
Project("{9A19103F-16F7-4668-BE54-9A1E7A4F7556}") = "DTOs", "DTOs\DTOs.csproj", "{ED79CB1C-C0BF-4C20-8E09-985C88FCEE02}"
EndProject
Project("{9A19103F-16F7-4668-BE54-9A1E7A4F7556}") = "Enums", "Enums\Enums.csproj", "{C45D0AD5-31C6-4378-B6EF-588DDCE83C5B}"
EndProject
Project("{9A19103F-16F7-4668-BE54-9A1E7A4F7556}") = "Migrator", "Migrator\Migrator.csproj", "{F38841D7-FA46-4D46-8997-7455748AD0E5}"
EndProject
Project("{9A19103F-16F7-4668-BE54-9A1E7A4F7556}") = "RestAPI", "RestAPI\RestAPI.csproj", "{BAB68385-A8AF-424E-A2FB-3F58FF7A940B}"
EndProject
Project("{9A19103F-16F7-4668-BE54-9A1E7A4F7556}") = "RestAPI.Tests", "RestAPI.Tests\RestAPI.Tests.csproj", "{BEA98ED9-FD80-48EE-A382-134B5F58FAE4}"
EndProject
Project("{9A19103F-16F7-4668-BE54-9A1E7A4F7556}") = "Utils", "Utils\Utils.csproj", "{B0FEFCA9-6BDC-4336-A485-6A05632A9CA1}"
EndProject
Project("{9A19103F-16F7-4668-BE54-9A1E7A4F7556}") = "Events", "Events\Events.csproj", "{D2980538-A94F-49F7-ACE4-45EDAD8EC3D9}"
EndProject
Project("{9A19103F-16F7-4668-BE54-9A1E7A4F7556}") = "BusinessLogic", "BusinessLogic\BusinessLogic.csproj", "{AE7D0053-F9EB-49E0-9DEF-9ABDF08E6661}"
EndProject
Project("{9A19103F-16F7-4668-BE54-9A1E7A4F7556}") = "Mappers", "Mappers\Mappers.csproj", "{C5FF5DB3-77B4-4037-8B52-68A055ECA70B}"
EndProject
Project("{FAE04EC0-301F-11D3-BF4B-00C04F79EFBC}") = "Common.ASP", "Common.ASP\Common.ASP.csproj", "{922D8CEB-B5C7-4E05-A5E1-FD031BF3DF67}"
EndProject
Global
	GlobalSection(SolutionConfigurationPlatforms) = preSolution
		Debug|x64 = Debug|x64
		Release|x64 = Release|x64
	EndGlobalSection
	GlobalSection(ProjectConfigurationPlatforms) = postSolution
		{D4DA567B-FD80-4F03-8E80-7AC5B629CC74}.Debug|x64.ActiveCfg = Debug|x64
		{D4DA567B-FD80-4F03-8E80-7AC5B629CC74}.Debug|x64.Build.0 = Debug|x64
		{D4DA567B-FD80-4F03-8E80-7AC5B629CC74}.Release|x64.ActiveCfg = Release|x64
		{D4DA567B-FD80-4F03-8E80-7AC5B629CC74}.Release|x64.Build.0 = Release|x64
		{93F59FB0-5FD6-47CD-8061-C9342A2EDAF4}.Debug|x64.ActiveCfg = Debug|x64
		{93F59FB0-5FD6-47CD-8061-C9342A2EDAF4}.Debug|x64.Build.0 = Debug|x64
		{93F59FB0-5FD6-47CD-8061-C9342A2EDAF4}.Release|x64.ActiveCfg = Release|x64
		{93F59FB0-5FD6-47CD-8061-C9342A2EDAF4}.Release|x64.Build.0 = Release|x64
		{EE0CF5CB-5812-49E0-AFCE-23680165DB7D}.Debug|x64.ActiveCfg = Debug|x64
		{EE0CF5CB-5812-49E0-AFCE-23680165DB7D}.Debug|x64.Build.0 = Debug|x64
		{EE0CF5CB-5812-49E0-AFCE-23680165DB7D}.Release|x64.ActiveCfg = Release|x64
		{EE0CF5CB-5812-49E0-AFCE-23680165DB7D}.Release|x64.Build.0 = Release|x64
		{ED79CB1C-C0BF-4C20-8E09-985C88FCEE02}.Debug|x64.ActiveCfg = Debug|x64
		{ED79CB1C-C0BF-4C20-8E09-985C88FCEE02}.Debug|x64.Build.0 = Debug|x64
		{ED79CB1C-C0BF-4C20-8E09-985C88FCEE02}.Release|x64.ActiveCfg = Release|x64
		{ED79CB1C-C0BF-4C20-8E09-985C88FCEE02}.Release|x64.Build.0 = Release|x64
		{C45D0AD5-31C6-4378-B6EF-588DDCE83C5B}.Debug|x64.ActiveCfg = Debug|x64
		{C45D0AD5-31C6-4378-B6EF-588DDCE83C5B}.Debug|x64.Build.0 = Debug|x64
		{C45D0AD5-31C6-4378-B6EF-588DDCE83C5B}.Release|x64.ActiveCfg = Release|x64
		{C45D0AD5-31C6-4378-B6EF-588DDCE83C5B}.Release|x64.Build.0 = Release|x64
		{F38841D7-FA46-4D46-8997-7455748AD0E5}.Debug|x64.ActiveCfg = Debug|x64
		{F38841D7-FA46-4D46-8997-7455748AD0E5}.Debug|x64.Build.0 = Debug|x64
		{F38841D7-FA46-4D46-8997-7455748AD0E5}.Release|x64.ActiveCfg = Release|x64
		{F38841D7-FA46-4D46-8997-7455748AD0E5}.Release|x64.Build.0 = Release|x64
		{BAB68385-A8AF-424E-A2FB-3F58FF7A940B}.Debug|x64.ActiveCfg = Debug|x64
		{BAB68385-A8AF-424E-A2FB-3F58FF7A940B}.Debug|x64.Build.0 = Debug|x64
		{BAB68385-A8AF-424E-A2FB-3F58FF7A940B}.Release|x64.ActiveCfg = Release|x64
		{BAB68385-A8AF-424E-A2FB-3F58FF7A940B}.Release|x64.Build.0 = Release|x64
		{BEA98ED9-FD80-48EE-A382-134B5F58FAE4}.Debug|x64.ActiveCfg = Debug|x64
		{BEA98ED9-FD80-48EE-A382-134B5F58FAE4}.Debug|x64.Build.0 = Debug|x64
		{BEA98ED9-FD80-48EE-A382-134B5F58FAE4}.Release|x64.ActiveCfg = Release|x64
		{BEA98ED9-FD80-48EE-A382-134B5F58FAE4}.Release|x64.Build.0 = Release|x64
		{B0FEFCA9-6BDC-4336-A485-6A05632A9CA1}.Debug|x64.ActiveCfg = Debug|x64
		{B0FEFCA9-6BDC-4336-A485-6A05632A9CA1}.Debug|x64.Build.0 = Debug|x64
		{B0FEFCA9-6BDC-4336-A485-6A05632A9CA1}.Release|x64.ActiveCfg = Release|x64
		{B0FEFCA9-6BDC-4336-A485-6A05632A9CA1}.Release|x64.Build.0 = Release|x64
		{D2980538-A94F-49F7-ACE4-45EDAD8EC3D9}.Debug|x64.ActiveCfg = Debug|x64
		{D2980538-A94F-49F7-ACE4-45EDAD8EC3D9}.Debug|x64.Build.0 = Debug|x64
		{D2980538-A94F-49F7-ACE4-45EDAD8EC3D9}.Release|x64.ActiveCfg = Release|x64
		{D2980538-A94F-49F7-ACE4-45EDAD8EC3D9}.Release|x64.Build.0 = Release|x64
		{AE7D0053-F9EB-49E0-9DEF-9ABDF08E6661}.Debug|x64.ActiveCfg = Debug|x64
		{AE7D0053-F9EB-49E0-9DEF-9ABDF08E6661}.Debug|x64.Build.0 = Debug|x64
		{AE7D0053-F9EB-49E0-9DEF-9ABDF08E6661}.Release|x64.ActiveCfg = Release|x64
		{AE7D0053-F9EB-49E0-9DEF-9ABDF08E6661}.Release|x64.Build.0 = Release|x64
		{C5FF5DB3-77B4-4037-8B52-68A055ECA70B}.Debug|x64.ActiveCfg = Debug|x64
		{C5FF5DB3-77B4-4037-8B52-68A055ECA70B}.Debug|x64.Build.0 = Debug|x64
		{C5FF5DB3-77B4-4037-8B52-68A055ECA70B}.Release|x64.ActiveCfg = Release|x64
		{C5FF5DB3-77B4-4037-8B52-68A055ECA70B}.Release|x64.Build.0 = Release|x64
		{922D8CEB-B5C7-4E05-A5E1-FD031BF3DF67}.Debug|x64.ActiveCfg = Debug|x64
		{922D8CEB-B5C7-4E05-A5E1-FD031BF3DF67}.Debug|x64.Build.0 = Debug|x64
		{922D8CEB-B5C7-4E05-A5E1-FD031BF3DF67}.Release|x64.ActiveCfg = Release|x64
		{922D8CEB-B5C7-4E05-A5E1-FD031BF3DF67}.Release|x64.Build.0 = Release|x64
	EndGlobalSection
	GlobalSection(SolutionProperties) = preSolution
		HideSolutionNode = FALSE
	EndGlobalSection
	GlobalSection(NestedProjects) = preSolution
		{12B1C49D-7345-428B-9354-AF6A38CFECF0} = {452F17B1-8BAB-4C6E-AF62-63271AE7FA67}
		{DDB69D7B-8CB9-45FF-9D64-0086737541B6} = {12B1C49D-7345-428B-9354-AF6A38CFECF0}
	EndGlobalSection
	GlobalSection(ExtensibilityGlobals) = postSolution
		SolutionGuid = {BFF724E1-6BC5-48B0-8DE1-57C1DAB46ADC}
	EndGlobalSection
EndGlobal
