{
  "version": 1,
  "dependencies": {
    "net7.0": {
      "AspNet.Security.OAuth.GitHub": {
        "type": "Direct",
        "requested": "[7.0.0, )",
        "resolved": "7.0.0",
        "contentHash": "OKLtEa/nvLMYiZshxuwX/coI8O588z3hNmOjV72ICQ32tvmNhLTpIUTeKRdFVZx7LQ18U6LSiTmMzJCbVqWIvw=="
      },
      "AWSSDK.Extensions.NETCore.Setup": {
        "type": "Direct",
        "requested": "[3.7.5, )",
        "resolved": "3.7.5",
        "contentHash": "T+JpP2dFbyAFgm5htiwx9oaGZ9+IVGz5xpBCzCbLWW4lwmVWn3o1Wzi4xUpAo+TULWlzf4CBhuJ9chO0YtAGVw==",
        "dependencies": {
          "AWSSDK.Core": "3.7.6",
          "Microsoft.Extensions.Configuration.Abstractions": "2.0.0",
          "Microsoft.Extensions.DependencyInjection.Abstractions": "2.0.0",
          "Microsoft.Extensions.Logging.Abstractions": "2.0.0"
        }
      },
      "AWSSDK.S3": {
        "type": "Direct",
        "requested": "[3.7.103.47, )",
        "resolved": "3.7.103.47",
        "contentHash": "qTXjWMG9ExvX9cDkQssV9jo4afK0z7kybgAAcHv0DkeIXq+vdKOxS9Y44qaejf2H9YOkiY8oBhfuLg5fGOzosQ==",
        "dependencies": {
          "AWSSDK.Core": "[3.7.106.17, 4.0.0)"
        }
      },
      "AWSSDK.SimpleNotificationService": {
        "type": "Direct",
        "requested": "[3.7.101.46, )",
        "resolved": "3.7.101.46",
        "contentHash": "eZkPSvkk5B4nBAzJLkh9I5n/cHBsG5qxgOyxUVKR5Zowaron6IM5BtDrq5amxUxsVkdckO6ZZC9KA9V39EFvCQ==",
        "dependencies": {
          "AWSSDK.Core": "[3.7.106.17, 4.0.0)"
        }
      },
      "AWSSDK.SQS": {
        "type": "Direct",
        "requested": "[3.7.100.110, )",
        "resolved": "3.7.100.110",
        "contentHash": "PxHG6MpHJIxUz7xqI1iek7fjjCC0flBxvIa267SurmFtItv22+s8bNVwyLOewgPTqwicx5SojtNXQ9cr18s3wA==",
        "dependencies": {
          "AWSSDK.Core": "[3.7.106.17, 4.0.0)"
        }
      },
      "BCrypt.Net-Next": {
        "type": "Direct",
        "requested": "[4.0.3, )",
        "resolved": "4.0.3",
        "contentHash": "W+U9WvmZQgi5cX6FS5GDtDoPzUCV4LkBLkywq/kRZhuDwcbavOzcDAr3LXJFqHUi952Yj3LEYoWW0jbEUQChsA=="
      },
      "FlatSharp.Compiler": {
        "type": "Direct",
        "requested": "[7.1.1, )",
        "resolved": "7.1.1",
        "contentHash": "AbxPb0tuW1kdhh+pl7ICNLnXiSUPB4KQNygzALYCauKxARV4KopsWuGhKWMgZ/QdwIid5aV9WeQNa6Gt5GFJfw=="
      },
      "FlatSharp.Runtime": {
        "type": "Direct",
        "requested": "[7.1.1, )",
        "resolved": "7.1.1",
        "contentHash": "OY8LPiVXtnsd9YEhVckDxkbcpWMnyXvhXNEQPjxwhR090Ty5xo/Q4WbPcPsvN8d5VP+YFJOrHnq3hLp/GV3GAQ==",
        "dependencies": {
          "System.Memory": "4.5.5"
        }
      },
      "Microsoft.AspNetCore.Authentication.Google": {
        "type": "Direct",
        "requested": "[7.0.5, )",
        "resolved": "7.0.5",
        "contentHash": "W7GAE+Gor29canssOYuZzTHOPsPX1FjYLlOoqWRA9fw7Hk7JSBo9n682LngXokvICzWKzV0MIuUa+izLmk/VmA=="
      },
      "Microsoft.AspNetCore.Authentication.Twitter": {
        "type": "Direct",
        "requested": "[7.0.5, )",
        "resolved": "7.0.5",
        "contentHash": "s0R/awVWIhEc8J8wuN40Zn2/Bxb5Cmh46US+RdhOoY2lXPVV6ZJflJVTgnwZc13+92AKOW8J+blWKvlA6I/1bA=="
      },
      "Microsoft.AspNetCore.SpaServices.Extensions": {
        "type": "Direct",
        "requested": "[7.0.5, )",
        "resolved": "7.0.5",
        "contentHash": "HzeAbRo4XwefVUscdFOdQEdPIP/uWMYBPxBgVg0J+HdYIjkc/8dR1OLMLi8XA6BhG8IkT1JJ+Ay0gsP7Ox5S3w==",
        "dependencies": {
          "Microsoft.Extensions.FileProviders.Physical": "7.0.0"
        }
      },
      "Microsoft.EntityFrameworkCore": {
        "type": "Direct",
        "requested": "[7.0.5, )",
        "resolved": "7.0.5",
        "contentHash": "RXbRLHHWP2Z3pq8qcL5nQ6LPeoOyp8hasM5bd0Te8PiQi3RjWQR4tcbdY5XMqQ+oTO9wA8/RLhZRn/hnxlTDnQ==",
        "dependencies": {
          "Microsoft.EntityFrameworkCore.Abstractions": "7.0.5",
          "Microsoft.EntityFrameworkCore.Analyzers": "7.0.5",
          "Microsoft.Extensions.Caching.Memory": "7.0.0",
          "Microsoft.Extensions.DependencyInjection": "7.0.0",
          "Microsoft.Extensions.Logging": "7.0.0"
        }
      },
      "Microsoft.EntityFrameworkCore.Relational": {
        "type": "Direct",
        "requested": "[7.0.5, )",
        "resolved": "7.0.5",
        "contentHash": "u/33DC4S6g2hpMPgBc5Kdnlz//nqHR5c/ovgjtiP/wQ7sOd0EOdygVzUJAAOxCwbtAHDsJXS9Vc3jLFYq0yu8Q==",
        "dependencies": {
          "Microsoft.EntityFrameworkCore": "7.0.5",
          "Microsoft.Extensions.Configuration.Abstractions": "7.0.0"
        }
      },
      "Microsoft.EntityFrameworkCore.Tools": {
        "type": "Direct",
        "requested": "[7.0.5, )",
        "resolved": "7.0.5",
        "contentHash": "OV/PUGBVSbQVd2daTeXoMBoao2qtfBgT2TuaYo48xRYUS2gH++f8OFiZc6zwASqkMKgs1/t5uVlxgKl18m/1Fw==",
        "dependencies": {
          "Microsoft.EntityFrameworkCore.Design": "7.0.5"
        }
      },
      "Microsoft.IdentityModel.Logging": {
        "type": "Direct",
        "requested": "[6.28.1, )",
        "resolved": "6.28.1",
        "contentHash": "RDCyLISPCzXZRznT/kBzpQUg9ZCMfbBTxGEURKbKg7AJj4Y/gJ3rzjpU39gPJ8S1vRyIx3X+hg6tfaxQreQJNg==",
        "dependencies": {
          "Microsoft.IdentityModel.Abstractions": "6.28.1"
        }
      },
      "MimeTypesMap": {
        "type": "Direct",
        "requested": "[1.0.8, )",
        "resolved": "1.0.8",
        "contentHash": "iOm6Zar+yVROhlyrGGSJTfThvNoHLUeYeQQND9YD/ot/nA2qsWUp9kP2MHTdF9P7I8afW6eCf8vdELLZjDFdSQ=="
      },
      "NetMQ": {
        "type": "Direct",
        "requested": "[4.0.1.11, )",
        "resolved": "4.0.1.11",
        "contentHash": "IWzqZYKdujgir+OfEA1Ut1MQJy6lyeRYBSa0/QE4rDXNAxWtt7T+x6ewbbi2vT8uB+nTfsSa58KhPa1KFdWS5Q==",
        "dependencies": {
          "AsyncIO": "0.1.69",
          "NaCl.Net": "0.1.13",
          "System.ServiceModel.Primitives": "4.9.0",
          "System.ValueTuple": "4.5.0"
        }
      },
      "Npgsql.EntityFrameworkCore.PostgreSQL": {
        "type": "Direct",
        "requested": "[7.0.3, )",
        "resolved": "7.0.3",
        "contentHash": "3iVz7vcPAZt6iBSjJ8XyjtIP19jilNOJqTiTCs2UHWhpTyP+FbNhnzCBE/oyD3n49McmmenjKpva+yTy7q1z/g==",
        "dependencies": {
          "Microsoft.EntityFrameworkCore": "[7.0.3, 8.0.0)",
          "Microsoft.EntityFrameworkCore.Abstractions": "[7.0.3, 8.0.0)",
          "Microsoft.EntityFrameworkCore.Relational": "[7.0.3, 8.0.0)",
          "Npgsql": "7.0.2"
        }
      },
      "OneOf": {
        "type": "Direct",
        "requested": "[3.0.243, )",
        "resolved": "3.0.243",
        "contentHash": "7zbyWxAbh0FZTVTpfqd8lIo9ejgoxPuadZgYTZLCq8aCtLQ5biQZ8gv61hpCbi/XuII0JlqfOTfocvv4wu8Xdw=="
      },
      "PreMailer.Net": {
        "type": "Direct",
        "requested": "[2.4.0, )",
        "resolved": "2.4.0",
        "contentHash": "eOVXdCItekNZnHdENffyHeo/yqeAO08Q3C1p8S6oBU1cDnrQWkq4iYIo4WDxwrgoqlvUAbBuZhQ+m6hXpJ73hQ==",
        "dependencies": {
          "AngleSharp": "0.16.1"
        }
      },
      "Quartz.AspNetCore": {
        "type": "Direct",
        "requested": "[3.6.2, )",
        "resolved": "3.6.2",
        "contentHash": "dcKmsicZjMs2TeSYGnboRFphtckT0/cQGoJK9DCVKIGgwa7b8e/bbCjcaCyHIUDwAAKCgDp3AdtPTExalnS7XA==",
        "dependencies": {
          "Microsoft.Extensions.DependencyInjection.Abstractions": "6.0.0",
          "Microsoft.Extensions.Diagnostics.HealthChecks": "6.0.0",
          "Quartz.Extensions.Hosting": "3.6.2"
        }
      },
      "Swashbuckle.AspNetCore": {
        "type": "Direct",
        "requested": "[6.5.0, )",
        "resolved": "6.5.0",
        "contentHash": "FK05XokgjgwlCI6wCT+D4/abtQkL1X1/B9Oas6uIwHFmYrIO9WUD5aLC9IzMs9GnHfUXOtXZ2S43gN1mhs5+aA==",
        "dependencies": {
          "Microsoft.Extensions.ApiDescription.Server": "6.0.5",
          "Swashbuckle.AspNetCore.Swagger": "6.5.0",
          "Swashbuckle.AspNetCore.SwaggerGen": "6.5.0",
          "Swashbuckle.AspNetCore.SwaggerUI": "6.5.0"
        }
      },
      "Swashbuckle.AspNetCore.Annotations": {
        "type": "Direct",
        "requested": "[6.5.0, )",
        "resolved": "6.5.0",
        "contentHash": "EcHd1z2pEdnpaBMTI9qjVxk6mFVGVMZ1n0ySC3fjrkXCQQ8O9fMdt9TxPJRKyjiTiTjvO9700jKjmyl+hPBinQ==",
        "dependencies": {
          "Swashbuckle.AspNetCore.SwaggerGen": "6.5.0"
        }
      },
      "System.Linq.Async": {
        "type": "Direct",
        "requested": "[6.0.1, )",
        "resolved": "6.0.1",
        "contentHash": "0YhHcaroWpQ9UCot3Pizah7ryAzQhNvobLMSxeDIGmnXfkQn8u5owvpOH0K6EVB+z9L7u6Cc4W17Br/+jyttEQ==",
        "dependencies": {
          "Microsoft.Bcl.AsyncInterfaces": "6.0.0"
        }
      },
      "UAParser": {
        "type": "Direct",
        "requested": "[3.1.47, )",
        "resolved": "3.1.47",
        "contentHash": "I68Jl/Vs5RQZdz9BbmYtnXgujg0jVd61LhKbyNZOCm9lBxZFGxLbiQo6yFj21VYi7DzPvEvrVOmeC6v41AoLfw=="
      },
      "AngleSharp": {
        "type": "Transitive",
        "resolved": "0.16.1",
        "contentHash": "1k7Vbfmr5IUsGaR0QJwTe8XF9zacFUIoWxMgI4X/ipiyKxCWZJZoaG96fNEugL90iubvboRvE1IxuBPibET/Rg==",
        "dependencies": {
          "System.Buffers": "4.5.1",
          "System.Text.Encoding.CodePages": "5.0.0"
        }
      },
      "AsyncIO": {
        "type": "Transitive",
        "resolved": "0.1.69",
        "contentHash": "xyXJLi+wjy6AtIyWXHXJkPS0gItqVT4lg5w++7bA5YEjugYKdrFMGxCo6KUJ1yYwjriLQJ1g35LDljZs3Q90XQ=="
      },
      "AWSSDK.Core": {
        "type": "Transitive",
        "resolved": "3.7.106.17",
        "contentHash": "cAZlvhseusClCbzENcgoMWfPArZvIZS/DtVvmJezmEimg2WzZfht/78gPh9SCUmMzWEL6ldaou53YFq8KHxh3Q=="
      },
      "Humanizer.Core": {
        "type": "Transitive",
        "resolved": "2.14.1",
        "contentHash": "lQKvtaTDOXnoVJ20ibTuSIOf2i0uO0MPbDhd1jm238I+U/2ZnRENj0cktKZhtchBMtCUSRQ5v4xBCUbKNmyVMw=="
      },
      "Microsoft.Bcl.AsyncInterfaces": {
        "type": "Transitive",
        "resolved": "6.0.0",
        "contentHash": "UcSjPsst+DfAdJGVDsu346FX0ci0ah+lw3WRtn18NUwEqRt70HaOQ7lI72vy3+1LxtqI3T5GWwV39rQSrCzAeg=="
      },
      "Microsoft.EntityFrameworkCore.Abstractions": {
        "type": "Transitive",
        "resolved": "7.0.5",
        "contentHash": "iwQso+hFRsEWjhH2WsEQj1D2QE5BlEXiXEt6A3SlYTPRPdZsyTNDeDDEdtxL+H/UJPQgQYY+9SMMRcEiXBmCAA=="
      },
      "Microsoft.EntityFrameworkCore.Analyzers": {
        "type": "Transitive",
        "resolved": "7.0.5",
        "contentHash": "yMLM/aK1MikVqpjxd7PJ1Pjgztd3VAd26ZHxyjxG3RPeM9cHjvS5tCg9kAAayR6eHmBg0ffZsHdT28WfA5tTlA=="
      },
      "Microsoft.EntityFrameworkCore.Design": {
        "type": "Transitive",
        "resolved": "7.0.5",
        "contentHash": "fzoU+Jk/chkqVOzDjuF+fwdc/6Tyqbp9L7rDORqB6IwHRG7nr+QnFOPdRi3B5kAZldvsvhUt+6Cl5qzeLT7B0Q==",
        "dependencies": {
          "Humanizer.Core": "2.14.1",
          "Microsoft.EntityFrameworkCore.Relational": "7.0.5",
          "Microsoft.Extensions.DependencyModel": "7.0.0",
          "Mono.TextTemplating": "2.2.1"
        }
      },
      "Microsoft.Extensions.ApiDescription.Server": {
        "type": "Transitive",
        "resolved": "6.0.5",
        "contentHash": "Ckb5EDBUNJdFWyajfXzUIMRkhf52fHZOQuuZg/oiu8y7zDCVwD0iHhew6MnThjHmevanpxL3f5ci2TtHQEN6bw=="
      },
      "Microsoft.Extensions.Caching.Abstractions": {
        "type": "Transitive",
        "resolved": "7.0.0",
        "contentHash": "IeimUd0TNbhB4ded3AbgBLQv2SnsiVugDyGV1MvspQFVlA07nDC7Zul7kcwH5jWN3JiTcp/ySE83AIJo8yfKjg==",
        "dependencies": {
          "Microsoft.Extensions.Primitives": "7.0.0"
        }
      },
      "Microsoft.Extensions.Caching.Memory": {
        "type": "Transitive",
        "resolved": "7.0.0",
        "contentHash": "xpidBs2KCE2gw1JrD0quHE72kvCaI3xFql5/Peb2GRtUuZX+dYPoK/NTdVMiM67Svym0M0Df9A3xyU0FbMQhHw==",
        "dependencies": {
          "Microsoft.Extensions.Caching.Abstractions": "7.0.0",
          "Microsoft.Extensions.DependencyInjection.Abstractions": "7.0.0",
          "Microsoft.Extensions.Logging.Abstractions": "7.0.0",
          "Microsoft.Extensions.Options": "7.0.0",
          "Microsoft.Extensions.Primitives": "7.0.0"
        }
      },
      "Microsoft.Extensions.Configuration.Abstractions": {
        "type": "Transitive",
        "resolved": "7.0.0",
        "contentHash": "f34u2eaqIjNO9YLHBz8rozVZ+TcFiFs0F3r7nUJd7FRkVSxk8u4OpoK226mi49MwexHOR2ibP9MFvRUaLilcQQ==",
        "dependencies": {
          "Microsoft.Extensions.Primitives": "7.0.0"
        }
      },
      "Microsoft.Extensions.DependencyInjection": {
        "type": "Transitive",
        "resolved": "7.0.0",
        "contentHash": "elNeOmkeX3eDVG6pYVeV82p29hr+UKDaBhrZyWvWLw/EVZSYEkZlQdkp0V39k/Xehs2Qa0mvoCvkVj3eQxNQ1Q==",
        "dependencies": {
          "Microsoft.Extensions.DependencyInjection.Abstractions": "7.0.0"
        }
      },
      "Microsoft.Extensions.DependencyInjection.Abstractions": {
        "type": "Transitive",
        "resolved": "7.0.0",
        "contentHash": "h3j/QfmFN4S0w4C2A6X7arXij/M/OVw3uQHSOFxnND4DyAzO1F9eMX7Eti7lU/OkSthEE0WzRsfT/Dmx86jzCw=="
      },
      "Microsoft.Extensions.DependencyModel": {
        "type": "Transitive",
        "resolved": "7.0.0",
        "contentHash": "oONNYd71J3LzkWc4fUHl3SvMfiQMYUCo/mDHDEu76hYYxdhdrPYv6fvGv9nnKVyhE9P0h20AU8RZB5OOWQcAXg==",
        "dependencies": {
          "System.Text.Encodings.Web": "7.0.0",
          "System.Text.Json": "7.0.0"
        }
      },
      "Microsoft.Extensions.Diagnostics.HealthChecks": {
        "type": "Transitive",
        "resolved": "6.0.0",
        "contentHash": "ktOGFY2uJ6QqZbLgLZgYg6qWuOnwKEIYbpgGDR/1QY8E+8NhnL75dJZ+WDl88h7Q4JkIFeTkFBUGF5QmNcfUEg==",
        "dependencies": {
          "Microsoft.Extensions.Diagnostics.HealthChecks.Abstractions": "6.0.0",
          "Microsoft.Extensions.Hosting.Abstractions": "6.0.0",
          "Microsoft.Extensions.Logging.Abstractions": "6.0.0",
          "Microsoft.Extensions.Options": "6.0.0"
        }
      },
      "Microsoft.Extensions.Diagnostics.HealthChecks.Abstractions": {
        "type": "Transitive",
        "resolved": "6.0.0",
        "contentHash": "6C9uhsA7GwT1qlXF+1JgOktilrWBSMLNVcwIjg63UvFaDVizg8fYTv826MC58dznvvT9yG31gGwsN1cFfg+yZQ=="
      },
      "Microsoft.Extensions.FileProviders.Abstractions": {
        "type": "Transitive",
        "resolved": "7.0.0",
        "contentHash": "NyawiW9ZT/liQb34k9YqBSNPLuuPkrjMgQZ24Y/xXX1RoiBkLUdPMaQTmxhZ5TYu8ZKZ9qayzil75JX95vGQUg==",
        "dependencies": {
          "Microsoft.Extensions.Primitives": "7.0.0"
        }
      },
      "Microsoft.Extensions.FileProviders.Physical": {
        "type": "Transitive",
        "resolved": "7.0.0",
        "contentHash": "K8D2MTR+EtzkbZ8z80LrG7Ur64R7ZZdRLt1J5cgpc/pUWl0C6IkAUapPuK28oionHueCPELUqq0oYEvZfalNdg==",
        "dependencies": {
          "Microsoft.Extensions.FileProviders.Abstractions": "7.0.0",
          "Microsoft.Extensions.FileSystemGlobbing": "7.0.0",
          "Microsoft.Extensions.Primitives": "7.0.0"
        }
      },
      "Microsoft.Extensions.FileSystemGlobbing": {
        "type": "Transitive",
        "resolved": "7.0.0",
        "contentHash": "2jONjKHiF+E92ynz2ZFcr9OvxIw+rTGMPEH+UZGeHTEComVav93jQUWGkso8yWwVBcEJGcNcZAaqY01FFJcj7w=="
      },
      "Microsoft.Extensions.Hosting.Abstractions": {
        "type": "Transitive",
        "resolved": "6.0.0",
        "contentHash": "GcT5l2CYXL6Sa27KCSh0TixsRfADUgth+ojQSD5EkzisZxmGFh7CwzkcYuGwvmXLjr27uWRNrJ2vuuEjMhU05Q==",
        "dependencies": {
          "Microsoft.Extensions.Configuration.Abstractions": "6.0.0",
          "Microsoft.Extensions.DependencyInjection.Abstractions": "6.0.0",
          "Microsoft.Extensions.FileProviders.Abstractions": "6.0.0"
        }
      },
      "Microsoft.Extensions.Logging": {
        "type": "Transitive",
        "resolved": "7.0.0",
        "contentHash": "Nw2muoNrOG5U5qa2ZekXwudUn2BJcD41e65zwmDHb1fQegTX66UokLWZkJRpqSSHXDOWZ5V0iqhbxOEky91atA==",
        "dependencies": {
          "Microsoft.Extensions.DependencyInjection": "7.0.0",
          "Microsoft.Extensions.DependencyInjection.Abstractions": "7.0.0",
          "Microsoft.Extensions.Logging.Abstractions": "7.0.0",
          "Microsoft.Extensions.Options": "7.0.0"
        }
      },
      "Microsoft.Extensions.Logging.Abstractions": {
        "type": "Transitive",
        "resolved": "7.0.0",
        "contentHash": "kmn78+LPVMOWeITUjIlfxUPDsI0R6G0RkeAMBmQxAJ7vBJn4q2dTva7pWi65ceN5vPGjJ9q/Uae2WKgvfktJAw=="
      },
      "Microsoft.Extensions.ObjectPool": {
        "type": "Transitive",
        "resolved": "5.0.10",
        "contentHash": "pp9tbGqIhdEXL6Q1yJl+zevAJSq4BsxqhS1GXzBvEsEz9DDNu9GLNzgUy2xyFc4YjB4m4Ff2YEWTnvQvVYdkvQ=="
      },
      "Microsoft.Extensions.Options": {
        "type": "Transitive",
        "resolved": "7.0.0",
        "contentHash": "lP1yBnTTU42cKpMozuafbvNtQ7QcBjr/CcK3bYOGEMH55Fjt+iecXjT6chR7vbgCMqy3PG3aNQSZgo/EuY/9qQ==",
        "dependencies": {
          "Microsoft.Extensions.DependencyInjection.Abstractions": "7.0.0",
          "Microsoft.Extensions.Primitives": "7.0.0"
        }
      },
      "Microsoft.Extensions.Primitives": {
        "type": "Transitive",
        "resolved": "7.0.0",
        "contentHash": "um1KU5kxcRp3CNuI8o/GrZtD4AIOXDk+RLsytjZ9QPok3ttLUelLKpilVPuaFT3TFjOhSibUAso0odbOaCDj3Q=="
      },
      "Microsoft.IdentityModel.Abstractions": {
        "type": "Transitive",
        "resolved": "6.28.1",
        "contentHash": "V0uc3NCfGs/tUeOx2NrXvX6ljFC6Ifls/+P8Vzvq6JfW6XiDambu0nLUYWAew9WAKvxMzpCvM4O7vSrY+Q1lMA=="
      },
      "Microsoft.NETCore.Platforms": {
        "type": "Transitive",
        "resolved": "5.0.0",
        "contentHash": "VyPlqzH2wavqquTcYpkIIAQ6WdenuKoFN0BdYBbCWsclXacSOHNQn66Gt4z5NBqEYW0FAPm5rlvki9ZiCij5xQ=="
      },
      "Microsoft.OpenApi": {
        "type": "Transitive",
        "resolved": "1.2.3",
        "contentHash": "Nug3rO+7Kl5/SBAadzSMAVgqDlfGjJZ0GenQrLywJ84XGKO0uRqkunz5Wyl0SDwcR71bAATXvSdbdzPrYRYKGw=="
      },
      "Microsoft.Win32.SystemEvents": {
        "type": "Transitive",
        "resolved": "6.0.0",
        "contentHash": "hqTM5628jSsQiv+HGpiq3WKBl2c8v1KZfby2J6Pr7pEPlK9waPdgEO6b8A/+/xn/yZ9ulv8HuqK71ONy2tg67A=="
      },
      "Mono.TextTemplating": {
        "type": "Transitive",
        "resolved": "2.2.1",
        "contentHash": "KZYeKBET/2Z0gY1WlTAK7+RHTl7GSbtvTLDXEZZojUdAPqpQNDL6tHv7VUpqfX5VEOh+uRGKaZXkuD253nEOBQ==",
        "dependencies": {
          "System.CodeDom": "4.4.0"
        }
      },
      "NaCl.Net": {
        "type": "Transitive",
        "resolved": "0.1.13",
        "contentHash": "AVg1455RQnyTy6tiessudruZHvbl70QWRPyx3og2I1Fei17LDNc7Z3DRgqN2+PsySBui/1EDP4A7adhQXydi6g=="
      },
      "Npgsql": {
        "type": "Transitive",
        "resolved": "7.0.2",
        "contentHash": "/k12hfmg4PI0IU2UTLN6n0s/FKUfox8+RdWtzgADYZoyks7GH82WLyXm27eeqatsi/nmiK9lO3HyULlTD87szg==",
        "dependencies": {
          "Microsoft.Extensions.Logging.Abstractions": "6.0.0"
        }
      },
      "Quartz": {
        "type": "Transitive",
        "resolved": "3.6.2",
        "contentHash": "wCNiVQKdwSz85fOFvEixOuxiIqsenixf34b8w21oGF0qw9oylFPDrV/ri02cX531WelFsN8K5w6E5/qop5mRYw==",
        "dependencies": {
          "Microsoft.Extensions.Logging.Abstractions": "2.1.1",
          "System.Configuration.ConfigurationManager": "6.0.1",
          "System.Diagnostics.DiagnosticSource": "4.7.1"
        }
      },
      "Quartz.Extensions.DependencyInjection": {
        "type": "Transitive",
        "resolved": "3.6.2",
        "contentHash": "EkJCyTVhfaE2SX2hVSQbKSVQs+fw1gWnGaQv+RzfsWASvk7CzDddPE31WA00I0t9gfXpcnV9jDgSOP8K+tO1uA==",
        "dependencies": {
          "Microsoft.Extensions.Configuration.Abstractions": "6.0.0",
          "Microsoft.Extensions.DependencyInjection.Abstractions": "6.0.0",
          "Microsoft.Extensions.Options": "6.0.0",
          "Quartz": "3.6.2"
        }
      },
      "Quartz.Extensions.Hosting": {
        "type": "Transitive",
        "resolved": "3.6.2",
        "contentHash": "P9PIWcFmK/x5GbxTZcgfOFkagb+OBviNvmsrdksLKe1Dv0LfdjuWvWyUxjbttjmAEm+5IibxGVF5hf42Ws2Qkw==",
        "dependencies": {
          "Microsoft.Extensions.Hosting.Abstractions": "6.0.0",
          "Quartz.Extensions.DependencyInjection": "3.6.2"
        }
      },
      "Swashbuckle.AspNetCore.Swagger": {
        "type": "Transitive",
        "resolved": "6.5.0",
        "contentHash": "XWmCmqyFmoItXKFsQSwQbEAsjDKcxlNf1l+/Ki42hcb6LjKL8m5Db69OTvz5vLonMSRntYO1XLqz0OP+n3vKnA==",
        "dependencies": {
          "Microsoft.OpenApi": "1.2.3"
        }
      },
      "Swashbuckle.AspNetCore.SwaggerGen": {
        "type": "Transitive",
        "resolved": "6.5.0",
        "contentHash": "Y/qW8Qdg9OEs7V013tt+94OdPxbRdbhcEbw4NiwGvf4YBcfhL/y7qp/Mjv/cENsQ2L3NqJ2AOu94weBy/h4KvA==",
        "dependencies": {
          "Swashbuckle.AspNetCore.Swagger": "6.5.0"
        }
      },
      "Swashbuckle.AspNetCore.SwaggerUI": {
        "type": "Transitive",
        "resolved": "6.5.0",
        "contentHash": "OvbvxX+wL8skxTBttcBsVxdh73Fag4xwqEU2edh4JMn7Ws/xJHnY/JB1e9RoCb6XpDxUF3hD9A0Z1lEUx40Pfw=="
      },
      "System.Buffers": {
        "type": "Transitive",
        "resolved": "4.5.1",
        "contentHash": "Rw7ijyl1qqRS0YQD/WycNst8hUUMgrMH4FCn1nNm27M4VxchZ1js3fVjQaANHO5f3sN4isvP4a+Met9Y4YomAg=="
      },
      "System.CodeDom": {
        "type": "Transitive",
        "resolved": "4.4.0",
        "contentHash": "2sCCb7doXEwtYAbqzbF/8UAeDRMNmPaQbU2q50Psg1J9KzumyVVCgKQY8s53WIPTufNT0DpSe9QRvVjOzfDWBA=="
      },
      "System.Configuration.ConfigurationManager": {
        "type": "Transitive",
        "resolved": "6.0.1",
        "contentHash": "jXw9MlUu/kRfEU0WyTptAVueupqIeE3/rl0EZDMlf8pcvJnitQ8HeVEp69rZdaStXwTV72boi/Bhw8lOeO+U2w==",
        "dependencies": {
          "System.Security.Cryptography.ProtectedData": "6.0.0",
          "System.Security.Permissions": "6.0.0"
        }
      },
      "System.Diagnostics.DiagnosticSource": {
        "type": "Transitive",
        "resolved": "4.7.1",
        "contentHash": "j81Lovt90PDAq8kLpaJfJKV/rWdWuEk6jfV+MBkee33vzYLEUsy4gXK8laa9V2nZlLM9VM9yA/OOQxxPEJKAMw=="
      },
      "System.Drawing.Common": {
        "type": "Transitive",
        "resolved": "6.0.0",
        "contentHash": "NfuoKUiP2nUWwKZN6twGqXioIe1zVD0RIj2t976A+czLHr2nY454RwwXs6JU9Htc6mwqL6Dn/nEL3dpVf2jOhg==",
        "dependencies": {
          "Microsoft.Win32.SystemEvents": "6.0.0"
        }
      },
      "System.Formats.Asn1": {
        "type": "Transitive",
        "resolved": "5.0.0",
        "contentHash": "MTvUIktmemNB+El0Fgw9egyqT9AYSIk6DTJeoDSpc3GIHxHCMo8COqkWT1mptX5tZ1SlQ6HJZ0OsSvMth1c12w=="
      },
      "System.Memory": {
        "type": "Transitive",
        "resolved": "4.5.5",
        "contentHash": "XIWiDvKPXaTveaB7HVganDlOCRoj03l+jrwNvcge/t8vhGYKvqV+dMv6G4SAX2NoNmN0wZfVPTAlFwZcZvVOUw=="
      },
      "System.Numerics.Vectors": {
        "type": "Transitive",
        "resolved": "4.5.0",
        "contentHash": "QQTlPTl06J/iiDbJCiepZ4H//BVraReU4O4EoRw1U02H5TLUIT7xn3GnDp9AXPSlJUDyFs4uWjWafNX6WrAojQ=="
      },
      "System.Private.ServiceModel": {
        "type": "Transitive",
        "resolved": "4.9.0",
        "contentHash": "d3RjkrtpjUQ63PzFmm/SZ4aOXeJNP+8YW5QeP0lCJy8iX4xlHdlNLWTF9sRn9SmrFTK757kQXT9Op/R4l858uw==",
        "dependencies": {
          "Microsoft.Bcl.AsyncInterfaces": "5.0.0",
          "Microsoft.Extensions.ObjectPool": "5.0.10",
          "System.Numerics.Vectors": "4.5.0",
          "System.Reflection.DispatchProxy": "4.7.1",
          "System.Security.Cryptography.Xml": "5.0.0",
          "System.Security.Principal.Windows": "5.0.0"
        }
      },
      "System.Reflection.DispatchProxy": {
        "type": "Transitive",
        "resolved": "4.7.1",
        "contentHash": "C1sMLwIG6ILQ2bmOT4gh62V6oJlyF4BlHcVMrOoor49p0Ji2tA8QAoqyMcIhAdH6OHKJ8m7BU+r4LK2CUEOKqw=="
      },
      "System.Security.AccessControl": {
        "type": "Transitive",
        "resolved": "6.0.0",
        "contentHash": "AUADIc0LIEQe7MzC+I0cl0rAT8RrTAKFHl53yHjEUzNVIaUlhFY11vc2ebiVJzVBuOzun6F7FBA+8KAbGTTedQ=="
      },
      "System.Security.Cryptography.Cng": {
        "type": "Transitive",
        "resolved": "5.0.0",
        "contentHash": "jIMXsKn94T9JY7PvPq/tMfqa6GAaHpElRDpmG+SuL+D3+sTw2M8VhnibKnN8Tq+4JqbPJ/f+BwtLeDMEnzAvRg==",
        "dependencies": {
          "System.Formats.Asn1": "5.0.0"
        }
      },
      "System.Security.Cryptography.Pkcs": {
        "type": "Transitive",
        "resolved": "5.0.0",
        "contentHash": "9TPLGjBCGKmNvG8pjwPeuYy0SMVmGZRwlTZvyPHDbYv/DRkoeumJdfumaaDNQzVGMEmbWtg07zUpSW9q70IlDQ==",
        "dependencies": {
          "System.Formats.Asn1": "5.0.0",
          "System.Security.Cryptography.Cng": "5.0.0"
        }
      },
      "System.Security.Cryptography.ProtectedData": {
        "type": "Transitive",
        "resolved": "6.0.0",
        "contentHash": "rp1gMNEZpvx9vP0JW0oHLxlf8oSiQgtno77Y4PLUBjSiDYoD77Y8uXHr1Ea5XG4/pIKhqAdxZ8v8OTUtqo9PeQ=="
      },
      "System.Security.Cryptography.Xml": {
        "type": "Transitive",
        "resolved": "5.0.0",
        "contentHash": "MYmkHtCW+paFmPGFDktnLdOeH3zUrNchbZNki87E1ejNSMm9enSRbJokmvFrsWUrDE4bRE1lVeAle01+t6SGhA==",
        "dependencies": {
          "System.Security.Cryptography.Pkcs": "5.0.0",
          "System.Security.Permissions": "5.0.0"
        }
      },
      "System.Security.Permissions": {
        "type": "Transitive",
        "resolved": "6.0.0",
        "contentHash": "T/uuc7AklkDoxmcJ7LGkyX1CcSviZuLCa4jg3PekfJ7SU0niF0IVTXwUiNVP9DSpzou2PpxJ+eNY2IfDM90ZCg==",
        "dependencies": {
          "System.Security.AccessControl": "6.0.0",
          "System.Windows.Extensions": "6.0.0"
        }
      },
      "System.Security.Principal.Windows": {
        "type": "Transitive",
        "resolved": "5.0.0",
        "contentHash": "t0MGLukB5WAVU9bO3MGzvlGnyJPgUlcwerXn1kzBRjwLKixT96XV0Uza41W49gVd8zEMFu9vQEFlv0IOrytICA=="
      },
      "System.ServiceModel.Primitives": {
        "type": "Transitive",
        "resolved": "4.9.0",
        "contentHash": "LTFPVdS8Nf76xg/wRZkDa+2Q+GnjTOmwkTlwuoetwX37mAfYnGkf7p8ydhpDwVmomNljpUOhUUGxfjQyd5YcOg==",
        "dependencies": {
          "System.Private.ServiceModel": "4.9.0"
        }
      },
      "System.Text.Encoding.CodePages": {
        "type": "Transitive",
        "resolved": "5.0.0",
        "contentHash": "NyscU59xX6Uo91qvhOs2Ccho3AR2TnZPomo1Z0K6YpyztBPM/A5VbkzOO19sy3A3i1TtEnTxA7bCe3Us+r5MWg==",
        "dependencies": {
          "Microsoft.NETCore.Platforms": "5.0.0"
        }
      },
      "System.Text.Encodings.Web": {
        "type": "Transitive",
        "resolved": "7.0.0",
        "contentHash": "OP6umVGxc0Z0MvZQBVigj4/U31Pw72ITihDWP9WiWDm+q5aoe0GaJivsfYGq53o6dxH7DcXWiCTl7+0o2CGdmg=="
      },
      "System.Text.Json": {
        "type": "Transitive",
        "resolved": "7.0.0",
        "contentHash": "DaGSsVqKsn/ia6RG8frjwmJonfos0srquhw09TlT8KRw5I43E+4gs+/bZj4K0vShJ5H9imCuXupb4RmS+dBy3w==",
        "dependencies": {
          "System.Text.Encodings.Web": "7.0.0"
        }
      },
      "System.ValueTuple": {
        "type": "Transitive",
        "resolved": "4.5.0",
        "contentHash": "okurQJO6NRE/apDIP23ajJ0hpiNmJ+f0BwOlB/cSqTLQlw5upkf+5+96+iG2Jw40G1fCVCyPz/FhIABUjMR+RQ=="
      },
      "System.Windows.Extensions": {
        "type": "Transitive",
        "resolved": "6.0.0",
        "contentHash": "IXoJOXIqc39AIe+CIR7koBtRGMiCt/LPM3lI+PELtDIy9XdyeSrwXFdWV9dzJ2Awl0paLWUaknLxFQ5HpHZUog==",
        "dependencies": {
          "System.Drawing.Common": "6.0.0"
        }
      }
    },
    "net7.0/linux-x64": {
      "Microsoft.Win32.SystemEvents": {
        "type": "Transitive",
        "resolved": "6.0.0",
        "contentHash": "hqTM5628jSsQiv+HGpiq3WKBl2c8v1KZfby2J6Pr7pEPlK9waPdgEO6b8A/+/xn/yZ9ulv8HuqK71ONy2tg67A=="
      },
      "System.Drawing.Common": {
        "type": "Transitive",
        "resolved": "6.0.0",
        "contentHash": "NfuoKUiP2nUWwKZN6twGqXioIe1zVD0RIj2t976A+czLHr2nY454RwwXs6JU9Htc6mwqL6Dn/nEL3dpVf2jOhg==",
        "dependencies": {
          "Microsoft.Win32.SystemEvents": "6.0.0"
        }
      },
      "System.Security.AccessControl": {
        "type": "Transitive",
        "resolved": "6.0.0",
        "contentHash": "AUADIc0LIEQe7MzC+I0cl0rAT8RrTAKFHl53yHjEUzNVIaUlhFY11vc2ebiVJzVBuOzun6F7FBA+8KAbGTTedQ=="
      },
      "System.Security.Cryptography.Cng": {
        "type": "Transitive",
        "resolved": "5.0.0",
        "contentHash": "jIMXsKn94T9JY7PvPq/tMfqa6GAaHpElRDpmG+SuL+D3+sTw2M8VhnibKnN8Tq+4JqbPJ/f+BwtLeDMEnzAvRg==",
        "dependencies": {
          "System.Formats.Asn1": "5.0.0"
        }
      },
      "System.Security.Cryptography.Pkcs": {
        "type": "Transitive",
        "resolved": "5.0.0",
        "contentHash": "9TPLGjBCGKmNvG8pjwPeuYy0SMVmGZRwlTZvyPHDbYv/DRkoeumJdfumaaDNQzVGMEmbWtg07zUpSW9q70IlDQ==",
        "dependencies": {
          "System.Formats.Asn1": "5.0.0",
          "System.Security.Cryptography.Cng": "5.0.0"
        }
      },
      "System.Security.Cryptography.ProtectedData": {
        "type": "Transitive",
        "resolved": "6.0.0",
        "contentHash": "rp1gMNEZpvx9vP0JW0oHLxlf8oSiQgtno77Y4PLUBjSiDYoD77Y8uXHr1Ea5XG4/pIKhqAdxZ8v8OTUtqo9PeQ=="
      },
      "System.Security.Principal.Windows": {
        "type": "Transitive",
        "resolved": "5.0.0",
        "contentHash": "t0MGLukB5WAVU9bO3MGzvlGnyJPgUlcwerXn1kzBRjwLKixT96XV0Uza41W49gVd8zEMFu9vQEFlv0IOrytICA=="
      },
      "System.Text.Encoding.CodePages": {
        "type": "Transitive",
        "resolved": "5.0.0",
        "contentHash": "NyscU59xX6Uo91qvhOs2Ccho3AR2TnZPomo1Z0K6YpyztBPM/A5VbkzOO19sy3A3i1TtEnTxA7bCe3Us+r5MWg==",
        "dependencies": {
          "Microsoft.NETCore.Platforms": "5.0.0"
        }
      },
      "System.Text.Encodings.Web": {
        "type": "Transitive",
        "resolved": "7.0.0",
        "contentHash": "OP6umVGxc0Z0MvZQBVigj4/U31Pw72ITihDWP9WiWDm+q5aoe0GaJivsfYGq53o6dxH7DcXWiCTl7+0o2CGdmg=="
      },
      "System.Windows.Extensions": {
        "type": "Transitive",
        "resolved": "6.0.0",
        "contentHash": "IXoJOXIqc39AIe+CIR7koBtRGMiCt/LPM3lI+PELtDIy9XdyeSrwXFdWV9dzJ2Awl0paLWUaknLxFQ5HpHZUog==",
        "dependencies": {
          "System.Drawing.Common": "6.0.0"
        }
      }
    }
  }
}